// !$*UTF8*$!
{
	archiveVersion = 1;
	classes = {
	};
	objectVersion = 51;
	objects = {

/* Begin PBXBuildFile section */
		41364E6B261F0DF500F03634 /* Notification.swift in Sources */ = {isa = PBXBuildFile; fileRef = 41364E6A261F0DF500F03634 /* Notification.swift */; };
		4146B24A261DCE5800D8CB01 /* ActionSheet.swift in Sources */ = {isa = PBXBuildFile; fileRef = 4146B249261DCE5800D8CB01 /* ActionSheet.swift */; };
		4146B24F261DDAC300D8CB01 /* ActionSheetCell.swift in Sources */ = {isa = PBXBuildFile; fileRef = 4146B24E261DDAC300D8CB01 /* ActionSheetCell.swift */; };
		4146B254261DE8DC00D8CB01 /* ActionSheetViewModel.swift in Sources */ = {isa = PBXBuildFile; fileRef = 4146B253261DE8DC00D8CB01 /* ActionSheetViewModel.swift */; };
		414B40522613EA560032B36B /* UserCell.swift in Sources */ = {isa = PBXBuildFile; fileRef = 414B40512613EA560032B36B /* UserCell.swift */; };
		414C5440261F104D008245B1 /* NotificationService.swift in Sources */ = {isa = PBXBuildFile; fileRef = 414C543F261F104D008245B1 /* NotificationService.swift */; };
		414C544A261F1B2F008245B1 /* NotificationViewCell.swift in Sources */ = {isa = PBXBuildFile; fileRef = 414C5449261F1B2F008245B1 /* NotificationViewCell.swift */; };
		414C54F9261FAAC6008245B1 /* NotificationViewModel.swift in Sources */ = {isa = PBXBuildFile; fileRef = 414C54F8261FAAC6008245B1 /* NotificationViewModel.swift */; };
		41534274261B676800454A64 /* TweetViewController.swift in Sources */ = {isa = PBXBuildFile; fileRef = 41534273261B676800454A64 /* TweetViewController.swift */; };
		41534279261B696800454A64 /* TweetHeader.swift in Sources */ = {isa = PBXBuildFile; fileRef = 41534278261B696800454A64 /* TweetHeader.swift */; };
		4153427E261BC47400454A64 /* UploadTweetViewModel.swift in Sources */ = {isa = PBXBuildFile; fileRef = 4153427D261BC47400454A64 /* UploadTweetViewModel.swift */; };
		415C0EB9260E809300579997 /* TweetViewCell.swift in Sources */ = {isa = PBXBuildFile; fileRef = 415C0EB8260E809300579997 /* TweetViewCell.swift */; };
		415E1EF22612410600171DE7 /* ProfileFilterView.swift in Sources */ = {isa = PBXBuildFile; fileRef = 415E1EF12612410600171DE7 /* ProfileFilterView.swift */; };
		415E1EF72612428500171DE7 /* ProfileFilterCell.swift in Sources */ = {isa = PBXBuildFile; fileRef = 415E1EF62612428500171DE7 /* ProfileFilterCell.swift */; };
		415E1EFC26125A0100171DE7 /* ProfileHeaderViewModel.swift in Sources */ = {isa = PBXBuildFile; fileRef = 415E1EFB26125A0100171DE7 /* ProfileHeaderViewModel.swift */; };
		416B49B7260B53D9002F3D0F /* UserService.swift in Sources */ = {isa = PBXBuildFile; fileRef = 416B49B6260B53D9002F3D0F /* UserService.swift */; };
		416B49BC260B556C002F3D0F /* AuthExtension.swift in Sources */ = {isa = PBXBuildFile; fileRef = 416B49BB260B556C002F3D0F /* AuthExtension.swift */; };
		416B49C1260B5BE2002F3D0F /* UserDelegate.swift in Sources */ = {isa = PBXBuildFile; fileRef = 416B49C0260B5BE2002F3D0F /* UserDelegate.swift */; };
		416B49C9260BC54C002F3D0F /* Constants.swift in Sources */ = {isa = PBXBuildFile; fileRef = 416B49C8260BC54C002F3D0F /* Constants.swift */; };
		416B49CE260BCA47002F3D0F /* UploadTweetController.swift in Sources */ = {isa = PBXBuildFile; fileRef = 416B49CD260BCA47002F3D0F /* UploadTweetController.swift */; };
		416B49D3260BD4F1002F3D0F /* CaptionTextView.swift in Sources */ = {isa = PBXBuildFile; fileRef = 416B49D2260BD4F1002F3D0F /* CaptionTextView.swift */; };
		416B49D8260BD990002F3D0F /* TweetService.swift in Sources */ = {isa = PBXBuildFile; fileRef = 416B49D7260BD990002F3D0F /* TweetService.swift */; };
		416D363626114ED800D57886 /* ProfileHeader.swift in Sources */ = {isa = PBXBuildFile; fileRef = 416D363526114ED800D57886 /* ProfileHeader.swift */; };
		4182BE6426089B0500B1E3ED /* AppDelegate.swift in Sources */ = {isa = PBXBuildFile; fileRef = 4182BE6326089B0500B1E3ED /* AppDelegate.swift */; };
		4182BE6626089B0500B1E3ED /* SceneDelegate.swift in Sources */ = {isa = PBXBuildFile; fileRef = 4182BE6526089B0500B1E3ED /* SceneDelegate.swift */; };
		4182BE6B26089B0500B1E3ED /* Main.storyboard in Resources */ = {isa = PBXBuildFile; fileRef = 4182BE6926089B0500B1E3ED /* Main.storyboard */; };
		4182BE7026089B0700B1E3ED /* LaunchScreen.storyboard in Resources */ = {isa = PBXBuildFile; fileRef = 4182BE6E26089B0700B1E3ED /* LaunchScreen.storyboard */; };
		4182BE7B26089B0700B1E3ED /* CloneTwitterTests.swift in Sources */ = {isa = PBXBuildFile; fileRef = 4182BE7A26089B0700B1E3ED /* CloneTwitterTests.swift */; };
		4182BE8626089B0700B1E3ED /* CloneTwitterUITests.swift in Sources */ = {isa = PBXBuildFile; fileRef = 4182BE8526089B0700B1E3ED /* CloneTwitterUITests.swift */; };
		4182BEA326089D2300B1E3ED /* MainTabViewController.swift in Sources */ = {isa = PBXBuildFile; fileRef = 4182BEA226089D2300B1E3ED /* MainTabViewController.swift */; };
		4182BEB126089DE800B1E3ED /* ViewExtensions.swift in Sources */ = {isa = PBXBuildFile; fileRef = 4182BEB026089DE800B1E3ED /* ViewExtensions.swift */; };
		4182BEB626089E0100B1E3ED /* FeedViewController.swift in Sources */ = {isa = PBXBuildFile; fileRef = 4182BEB526089E0100B1E3ED /* FeedViewController.swift */; };
		4182BEBB26089E2000B1E3ED /* ExploreController.swift in Sources */ = {isa = PBXBuildFile; fileRef = 4182BEBA26089E2000B1E3ED /* ExploreController.swift */; };
		4182BEC026089E2E00B1E3ED /* NotificationsController.swift in Sources */ = {isa = PBXBuildFile; fileRef = 4182BEBF26089E2D00B1E3ED /* NotificationsController.swift */; };
		4182BEC526089E3A00B1E3ED /* MessagesController.swift in Sources */ = {isa = PBXBuildFile; fileRef = 4182BEC426089E3A00B1E3ED /* MessagesController.swift */; };
		4182BECB26089E7700B1E3ED /* UIProtocols.swift in Sources */ = {isa = PBXBuildFile; fileRef = 4182BECA26089E7700B1E3ED /* UIProtocols.swift */; };
		4182BED426092A1F00B1E3ED /* LoginViewController.swift in Sources */ = {isa = PBXBuildFile; fileRef = 4182BED326092A1F00B1E3ED /* LoginViewController.swift */; };
		4182BED926092A2800B1E3ED /* RegistrationViewController.swift in Sources */ = {isa = PBXBuildFile; fileRef = 4182BED826092A2800B1E3ED /* RegistrationViewController.swift */; };
		4182BEDE26092BEF00B1E3ED /* Components.swift in Sources */ = {isa = PBXBuildFile; fileRef = 4182BEDD26092BEF00B1E3ED /* Components.swift */; };
		419240EE2611492D005B8E00 /* ProfileViewController.swift in Sources */ = {isa = PBXBuildFile; fileRef = 419240ED2611492D005B8E00 /* ProfileViewController.swift */; };
		419869AA260A249000B0D40E /* GoogleService-Info.plist in Resources */ = {isa = PBXBuildFile; fileRef = 419869A9260A249000B0D40E /* GoogleService-Info.plist */; };
		419869B3260A58F000B0D40E /* StorageManager.swift in Sources */ = {isa = PBXBuildFile; fileRef = 419869B2260A58F000B0D40E /* StorageManager.swift */; };
		419869B8260A590400B0D40E /* AuthManager.swift in Sources */ = {isa = PBXBuildFile; fileRef = 419869B7260A590400B0D40E /* AuthManager.swift */; };
		419869BD260A591700B0D40E /* DatabaseManager.swift in Sources */ = {isa = PBXBuildFile; fileRef = 419869BC260A591700B0D40E /* DatabaseManager.swift */; };
		419869C2260A5B2E00B0D40E /* Models.swift in Sources */ = {isa = PBXBuildFile; fileRef = 419869C1260A5B2E00B0D40E /* Models.swift */; };
		419869C7260A78DC00B0D40E /* Assets.xcassets in Resources */ = {isa = PBXBuildFile; fileRef = 419869C6260A78DC00B0D40E /* Assets.xcassets */; };
		41A18122260F3BE200FB4344 /* TweetViewModel.swift in Sources */ = {isa = PBXBuildFile; fileRef = 41A18121260F3BE200FB4344 /* TweetViewModel.swift */; };
		41A3F275260E78AE00F01440 /* Tweet.swift in Sources */ = {isa = PBXBuildFile; fileRef = 41A3F274260E78AE00F01440 /* Tweet.swift */; };
		805A047EE8773E2AD2633537 /* Pods_CloneTwitter_CloneTwitterUITests.framework in Frameworks */ = {isa = PBXBuildFile; fileRef = BB8BD1FC642F3CBB3C92346F /* Pods_CloneTwitter_CloneTwitterUITests.framework */; };
		C54A00B7FF1422BE60B67125 /* Pods_CloneTwitter.framework in Frameworks */ = {isa = PBXBuildFile; fileRef = 13594537048F322D2AD8DFBF /* Pods_CloneTwitter.framework */; };
		D9545EA0B7E838B53A17DAE6 /* Pods_CloneTwitterTests.framework in Frameworks */ = {isa = PBXBuildFile; fileRef = D17AE71C0AC0C6E93653F048 /* Pods_CloneTwitterTests.framework */; };
/* End PBXBuildFile section */

/* Begin PBXContainerItemProxy section */
		4182BE7726089B0700B1E3ED /* PBXContainerItemProxy */ = {
			isa = PBXContainerItemProxy;
			containerPortal = 4182BE5826089B0500B1E3ED /* Project object */;
			proxyType = 1;
			remoteGlobalIDString = 4182BE5F26089B0500B1E3ED;
			remoteInfo = CloneTwitter;
		};
		4182BE8226089B0700B1E3ED /* PBXContainerItemProxy */ = {
			isa = PBXContainerItemProxy;
			containerPortal = 4182BE5826089B0500B1E3ED /* Project object */;
			proxyType = 1;
			remoteGlobalIDString = 4182BE5F26089B0500B1E3ED;
			remoteInfo = CloneTwitter;
		};
/* End PBXContainerItemProxy section */

/* Begin PBXFileReference section */
		13594537048F322D2AD8DFBF /* Pods_CloneTwitter.framework */ = {isa = PBXFileReference; explicitFileType = wrapper.framework; includeInIndex = 0; path = Pods_CloneTwitter.framework; sourceTree = BUILT_PRODUCTS_DIR; };
		2E06ED70CCDDC8789F601509 /* Pods-CloneTwitter.release.xcconfig */ = {isa = PBXFileReference; includeInIndex = 1; lastKnownFileType = text.xcconfig; name = "Pods-CloneTwitter.release.xcconfig"; path = "Target Support Files/Pods-CloneTwitter/Pods-CloneTwitter.release.xcconfig"; sourceTree = "<group>"; };
		3AAFAF5824C95BCF34830BDE /* Pods-CloneTwitterTests.debug.xcconfig */ = {isa = PBXFileReference; includeInIndex = 1; lastKnownFileType = text.xcconfig; name = "Pods-CloneTwitterTests.debug.xcconfig"; path = "Target Support Files/Pods-CloneTwitterTests/Pods-CloneTwitterTests.debug.xcconfig"; sourceTree = "<group>"; };
		41364E6A261F0DF500F03634 /* Notification.swift */ = {isa = PBXFileReference; lastKnownFileType = sourcecode.swift; path = Notification.swift; sourceTree = "<group>"; };
		4146B249261DCE5800D8CB01 /* ActionSheet.swift */ = {isa = PBXFileReference; lastKnownFileType = sourcecode.swift; path = ActionSheet.swift; sourceTree = "<group>"; };
		4146B24E261DDAC300D8CB01 /* ActionSheetCell.swift */ = {isa = PBXFileReference; lastKnownFileType = sourcecode.swift; path = ActionSheetCell.swift; sourceTree = "<group>"; };
		4146B253261DE8DC00D8CB01 /* ActionSheetViewModel.swift */ = {isa = PBXFileReference; lastKnownFileType = sourcecode.swift; path = ActionSheetViewModel.swift; sourceTree = "<group>"; };
		414B40512613EA560032B36B /* UserCell.swift */ = {isa = PBXFileReference; lastKnownFileType = sourcecode.swift; path = UserCell.swift; sourceTree = "<group>"; };
		414C543F261F104D008245B1 /* NotificationService.swift */ = {isa = PBXFileReference; lastKnownFileType = sourcecode.swift; path = NotificationService.swift; sourceTree = "<group>"; };
		414C5449261F1B2F008245B1 /* NotificationViewCell.swift */ = {isa = PBXFileReference; lastKnownFileType = sourcecode.swift; path = NotificationViewCell.swift; sourceTree = "<group>"; };
		414C54F8261FAAC6008245B1 /* NotificationViewModel.swift */ = {isa = PBXFileReference; lastKnownFileType = sourcecode.swift; path = NotificationViewModel.swift; sourceTree = "<group>"; };
		41534273261B676800454A64 /* TweetViewController.swift */ = {isa = PBXFileReference; lastKnownFileType = sourcecode.swift; path = TweetViewController.swift; sourceTree = "<group>"; };
		41534278261B696800454A64 /* TweetHeader.swift */ = {isa = PBXFileReference; lastKnownFileType = sourcecode.swift; path = TweetHeader.swift; sourceTree = "<group>"; };
		4153427D261BC47400454A64 /* UploadTweetViewModel.swift */ = {isa = PBXFileReference; lastKnownFileType = sourcecode.swift; path = UploadTweetViewModel.swift; sourceTree = "<group>"; };
		415C0EB8260E809300579997 /* TweetViewCell.swift */ = {isa = PBXFileReference; lastKnownFileType = sourcecode.swift; path = TweetViewCell.swift; sourceTree = "<group>"; };
		415E1EF12612410600171DE7 /* ProfileFilterView.swift */ = {isa = PBXFileReference; lastKnownFileType = sourcecode.swift; path = ProfileFilterView.swift; sourceTree = "<group>"; };
		415E1EF62612428500171DE7 /* ProfileFilterCell.swift */ = {isa = PBXFileReference; lastKnownFileType = sourcecode.swift; path = ProfileFilterCell.swift; sourceTree = "<group>"; };
		415E1EFB26125A0100171DE7 /* ProfileHeaderViewModel.swift */ = {isa = PBXFileReference; lastKnownFileType = sourcecode.swift; path = ProfileHeaderViewModel.swift; sourceTree = "<group>"; };
		416B49B6260B53D9002F3D0F /* UserService.swift */ = {isa = PBXFileReference; lastKnownFileType = sourcecode.swift; path = UserService.swift; sourceTree = "<group>"; };
		416B49BB260B556C002F3D0F /* AuthExtension.swift */ = {isa = PBXFileReference; lastKnownFileType = sourcecode.swift; path = AuthExtension.swift; sourceTree = "<group>"; };
		416B49C0260B5BE2002F3D0F /* UserDelegate.swift */ = {isa = PBXFileReference; lastKnownFileType = sourcecode.swift; path = UserDelegate.swift; sourceTree = "<group>"; };
		416B49C8260BC54C002F3D0F /* Constants.swift */ = {isa = PBXFileReference; lastKnownFileType = sourcecode.swift; path = Constants.swift; sourceTree = "<group>"; };
		416B49CD260BCA47002F3D0F /* UploadTweetController.swift */ = {isa = PBXFileReference; lastKnownFileType = sourcecode.swift; path = UploadTweetController.swift; sourceTree = "<group>"; };
		416B49D2260BD4F1002F3D0F /* CaptionTextView.swift */ = {isa = PBXFileReference; lastKnownFileType = sourcecode.swift; path = CaptionTextView.swift; sourceTree = "<group>"; };
		416B49D7260BD990002F3D0F /* TweetService.swift */ = {isa = PBXFileReference; lastKnownFileType = sourcecode.swift; path = TweetService.swift; sourceTree = "<group>"; };
		416D363526114ED800D57886 /* ProfileHeader.swift */ = {isa = PBXFileReference; lastKnownFileType = sourcecode.swift; path = ProfileHeader.swift; sourceTree = "<group>"; };
		4182BE6026089B0500B1E3ED /* CloneTwitter.app */ = {isa = PBXFileReference; explicitFileType = wrapper.application; includeInIndex = 0; path = CloneTwitter.app; sourceTree = BUILT_PRODUCTS_DIR; };
		4182BE6326089B0500B1E3ED /* AppDelegate.swift */ = {isa = PBXFileReference; lastKnownFileType = sourcecode.swift; path = AppDelegate.swift; sourceTree = "<group>"; };
		4182BE6526089B0500B1E3ED /* SceneDelegate.swift */ = {isa = PBXFileReference; lastKnownFileType = sourcecode.swift; path = SceneDelegate.swift; sourceTree = "<group>"; };
		4182BE6A26089B0500B1E3ED /* Base */ = {isa = PBXFileReference; lastKnownFileType = file.storyboard; name = Base; path = Base.lproj/Main.storyboard; sourceTree = "<group>"; };
		4182BE6F26089B0700B1E3ED /* Base */ = {isa = PBXFileReference; lastKnownFileType = file.storyboard; name = Base; path = Base.lproj/LaunchScreen.storyboard; sourceTree = "<group>"; };
		4182BE7126089B0700B1E3ED /* Info.plist */ = {isa = PBXFileReference; lastKnownFileType = text.plist.xml; path = Info.plist; sourceTree = "<group>"; };
		4182BE7626089B0700B1E3ED /* CloneTwitterTests.xctest */ = {isa = PBXFileReference; explicitFileType = wrapper.cfbundle; includeInIndex = 0; path = CloneTwitterTests.xctest; sourceTree = BUILT_PRODUCTS_DIR; };
		4182BE7A26089B0700B1E3ED /* CloneTwitterTests.swift */ = {isa = PBXFileReference; lastKnownFileType = sourcecode.swift; path = CloneTwitterTests.swift; sourceTree = "<group>"; };
		4182BE7C26089B0700B1E3ED /* Info.plist */ = {isa = PBXFileReference; lastKnownFileType = text.plist.xml; path = Info.plist; sourceTree = "<group>"; };
		4182BE8126089B0700B1E3ED /* CloneTwitterUITests.xctest */ = {isa = PBXFileReference; explicitFileType = wrapper.cfbundle; includeInIndex = 0; path = CloneTwitterUITests.xctest; sourceTree = BUILT_PRODUCTS_DIR; };
		4182BE8526089B0700B1E3ED /* CloneTwitterUITests.swift */ = {isa = PBXFileReference; lastKnownFileType = sourcecode.swift; path = CloneTwitterUITests.swift; sourceTree = "<group>"; };
		4182BE8726089B0700B1E3ED /* Info.plist */ = {isa = PBXFileReference; lastKnownFileType = text.plist.xml; path = Info.plist; sourceTree = "<group>"; };
		4182BEA226089D2300B1E3ED /* MainTabViewController.swift */ = {isa = PBXFileReference; lastKnownFileType = sourcecode.swift; path = MainTabViewController.swift; sourceTree = "<group>"; };
		4182BEB026089DE800B1E3ED /* ViewExtensions.swift */ = {isa = PBXFileReference; fileEncoding = 4; lastKnownFileType = sourcecode.swift; path = ViewExtensions.swift; sourceTree = "<group>"; };
		4182BEB526089E0100B1E3ED /* FeedViewController.swift */ = {isa = PBXFileReference; lastKnownFileType = sourcecode.swift; path = FeedViewController.swift; sourceTree = "<group>"; };
		4182BEBA26089E2000B1E3ED /* ExploreController.swift */ = {isa = PBXFileReference; lastKnownFileType = sourcecode.swift; path = ExploreController.swift; sourceTree = "<group>"; };
		4182BEBF26089E2D00B1E3ED /* NotificationsController.swift */ = {isa = PBXFileReference; lastKnownFileType = sourcecode.swift; path = NotificationsController.swift; sourceTree = "<group>"; };
		4182BEC426089E3A00B1E3ED /* MessagesController.swift */ = {isa = PBXFileReference; lastKnownFileType = sourcecode.swift; path = MessagesController.swift; sourceTree = "<group>"; };
		4182BECA26089E7700B1E3ED /* UIProtocols.swift */ = {isa = PBXFileReference; lastKnownFileType = sourcecode.swift; path = UIProtocols.swift; sourceTree = "<group>"; };
		4182BED326092A1F00B1E3ED /* LoginViewController.swift */ = {isa = PBXFileReference; lastKnownFileType = sourcecode.swift; path = LoginViewController.swift; sourceTree = "<group>"; };
		4182BED826092A2800B1E3ED /* RegistrationViewController.swift */ = {isa = PBXFileReference; lastKnownFileType = sourcecode.swift; path = RegistrationViewController.swift; sourceTree = "<group>"; };
		4182BEDD26092BEF00B1E3ED /* Components.swift */ = {isa = PBXFileReference; lastKnownFileType = sourcecode.swift; path = Components.swift; sourceTree = "<group>"; };
		419240ED2611492D005B8E00 /* ProfileViewController.swift */ = {isa = PBXFileReference; lastKnownFileType = sourcecode.swift; path = ProfileViewController.swift; sourceTree = "<group>"; };
		419869A9260A249000B0D40E /* GoogleService-Info.plist */ = {isa = PBXFileReference; fileEncoding = 4; lastKnownFileType = text.plist.xml; path = "GoogleService-Info.plist"; sourceTree = "<group>"; };
		419869B2260A58F000B0D40E /* StorageManager.swift */ = {isa = PBXFileReference; lastKnownFileType = sourcecode.swift; path = StorageManager.swift; sourceTree = "<group>"; };
		419869B7260A590400B0D40E /* AuthManager.swift */ = {isa = PBXFileReference; lastKnownFileType = sourcecode.swift; path = AuthManager.swift; sourceTree = "<group>"; };
		419869BC260A591700B0D40E /* DatabaseManager.swift */ = {isa = PBXFileReference; lastKnownFileType = sourcecode.swift; path = DatabaseManager.swift; sourceTree = "<group>"; };
		419869C1260A5B2E00B0D40E /* Models.swift */ = {isa = PBXFileReference; lastKnownFileType = sourcecode.swift; path = Models.swift; sourceTree = "<group>"; };
		419869C6260A78DC00B0D40E /* Assets.xcassets */ = {isa = PBXFileReference; lastKnownFileType = folder.assetcatalog; path = Assets.xcassets; sourceTree = "<group>"; };
		41A18121260F3BE200FB4344 /* TweetViewModel.swift */ = {isa = PBXFileReference; lastKnownFileType = sourcecode.swift; path = TweetViewModel.swift; sourceTree = "<group>"; };
		41A3F274260E78AE00F01440 /* Tweet.swift */ = {isa = PBXFileReference; lastKnownFileType = sourcecode.swift; path = Tweet.swift; sourceTree = "<group>"; };
		4EF968A91B1DC0FB86495C89 /* Pods-CloneTwitter.debug.xcconfig */ = {isa = PBXFileReference; includeInIndex = 1; lastKnownFileType = text.xcconfig; name = "Pods-CloneTwitter.debug.xcconfig"; path = "Target Support Files/Pods-CloneTwitter/Pods-CloneTwitter.debug.xcconfig"; sourceTree = "<group>"; };
		85F976E55158A1F8EC869D56 /* Pods-CloneTwitter-CloneTwitterUITests.debug.xcconfig */ = {isa = PBXFileReference; includeInIndex = 1; lastKnownFileType = text.xcconfig; name = "Pods-CloneTwitter-CloneTwitterUITests.debug.xcconfig"; path = "Target Support Files/Pods-CloneTwitter-CloneTwitterUITests/Pods-CloneTwitter-CloneTwitterUITests.debug.xcconfig"; sourceTree = "<group>"; };
		AD8331B12B0BC05FAAAA7CED /* Pods-CloneTwitterTests.release.xcconfig */ = {isa = PBXFileReference; includeInIndex = 1; lastKnownFileType = text.xcconfig; name = "Pods-CloneTwitterTests.release.xcconfig"; path = "Target Support Files/Pods-CloneTwitterTests/Pods-CloneTwitterTests.release.xcconfig"; sourceTree = "<group>"; };
		BB8BD1FC642F3CBB3C92346F /* Pods_CloneTwitter_CloneTwitterUITests.framework */ = {isa = PBXFileReference; explicitFileType = wrapper.framework; includeInIndex = 0; path = Pods_CloneTwitter_CloneTwitterUITests.framework; sourceTree = BUILT_PRODUCTS_DIR; };
		D17AE71C0AC0C6E93653F048 /* Pods_CloneTwitterTests.framework */ = {isa = PBXFileReference; explicitFileType = wrapper.framework; includeInIndex = 0; path = Pods_CloneTwitterTests.framework; sourceTree = BUILT_PRODUCTS_DIR; };
		FC10C142E4978C474417B639 /* Pods-CloneTwitter-CloneTwitterUITests.release.xcconfig */ = {isa = PBXFileReference; includeInIndex = 1; lastKnownFileType = text.xcconfig; name = "Pods-CloneTwitter-CloneTwitterUITests.release.xcconfig"; path = "Target Support Files/Pods-CloneTwitter-CloneTwitterUITests/Pods-CloneTwitter-CloneTwitterUITests.release.xcconfig"; sourceTree = "<group>"; };
/* End PBXFileReference section */

/* Begin PBXFrameworksBuildPhase section */
		4182BE5D26089B0500B1E3ED /* Frameworks */ = {
			isa = PBXFrameworksBuildPhase;
			buildActionMask = 2147483647;
			files = (
				C54A00B7FF1422BE60B67125 /* Pods_CloneTwitter.framework in Frameworks */,
			);
			runOnlyForDeploymentPostprocessing = 0;
		};
		4182BE7326089B0700B1E3ED /* Frameworks */ = {
			isa = PBXFrameworksBuildPhase;
			buildActionMask = 2147483647;
			files = (
				D9545EA0B7E838B53A17DAE6 /* Pods_CloneTwitterTests.framework in Frameworks */,
			);
			runOnlyForDeploymentPostprocessing = 0;
		};
		4182BE7E26089B0700B1E3ED /* Frameworks */ = {
			isa = PBXFrameworksBuildPhase;
			buildActionMask = 2147483647;
			files = (
				805A047EE8773E2AD2633537 /* Pods_CloneTwitter_CloneTwitterUITests.framework in Frameworks */,
			);
			runOnlyForDeploymentPostprocessing = 0;
		};
/* End PBXFrameworksBuildPhase section */

/* Begin PBXGroup section */
		2D00AEB40A1F19FD9E4D5424 /* Pods */ = {
			isa = PBXGroup;
			children = (
				4EF968A91B1DC0FB86495C89 /* Pods-CloneTwitter.debug.xcconfig */,
				2E06ED70CCDDC8789F601509 /* Pods-CloneTwitter.release.xcconfig */,
				85F976E55158A1F8EC869D56 /* Pods-CloneTwitter-CloneTwitterUITests.debug.xcconfig */,
				FC10C142E4978C474417B639 /* Pods-CloneTwitter-CloneTwitterUITests.release.xcconfig */,
				3AAFAF5824C95BCF34830BDE /* Pods-CloneTwitterTests.debug.xcconfig */,
				AD8331B12B0BC05FAAAA7CED /* Pods-CloneTwitterTests.release.xcconfig */,
			);
			path = Pods;
			sourceTree = "<group>";
		};
		4182BE5726089B0500B1E3ED = {
			isa = PBXGroup;
			children = (
				4182BE6226089B0500B1E3ED /* CloneTwitter */,
				4182BE7926089B0700B1E3ED /* CloneTwitterTests */,
				4182BE8426089B0700B1E3ED /* CloneTwitterUITests */,
				4182BE6126089B0500B1E3ED /* Products */,
				2D00AEB40A1F19FD9E4D5424 /* Pods */,
				9FC0AC97DA113EF3C81712EF /* Frameworks */,
			);
			sourceTree = "<group>";
		};
		4182BE6126089B0500B1E3ED /* Products */ = {
			isa = PBXGroup;
			children = (
				4182BE6026089B0500B1E3ED /* CloneTwitter.app */,
				4182BE7626089B0700B1E3ED /* CloneTwitterTests.xctest */,
				4182BE8126089B0700B1E3ED /* CloneTwitterUITests.xctest */,
			);
			name = Products;
			sourceTree = "<group>";
		};
		4182BE6226089B0500B1E3ED /* CloneTwitter */ = {
			isa = PBXGroup;
			children = (
				4182BEC926089E5F00B1E3ED /* Protocols */,
				4182BEAF26089DDD00B1E3ED /* Extensions */,
				4182BE9B26089B3000B1E3ED /* Model */,
				4182BE9A26089B2E00B1E3ED /* View */,
				4182BE9926089B2C00B1E3ED /* ViewModel */,
				4182BE9826089B2A00B1E3ED /* Controllers */,
				4182BE9726089B2800B1E3ED /* API */,
				4182BE9626089B2300B1E3ED /* Utils */,
				41F5CE0C260A22C000F26C8A /* Resources */,
				4182BE7126089B0700B1E3ED /* Info.plist */,
			);
			path = CloneTwitter;
			sourceTree = "<group>";
		};
		4182BE7926089B0700B1E3ED /* CloneTwitterTests */ = {
			isa = PBXGroup;
			children = (
				4182BE7A26089B0700B1E3ED /* CloneTwitterTests.swift */,
				4182BE7C26089B0700B1E3ED /* Info.plist */,
			);
			path = CloneTwitterTests;
			sourceTree = "<group>";
		};
		4182BE8426089B0700B1E3ED /* CloneTwitterUITests */ = {
			isa = PBXGroup;
			children = (
				4182BE8526089B0700B1E3ED /* CloneTwitterUITests.swift */,
				4182BE8726089B0700B1E3ED /* Info.plist */,
			);
			path = CloneTwitterUITests;
			sourceTree = "<group>";
		};
		4182BE9626089B2300B1E3ED /* Utils */ = {
			isa = PBXGroup;
			children = (
				4182BEDD26092BEF00B1E3ED /* Components.swift */,
				416B49C8260BC54C002F3D0F /* Constants.swift */,
				4146B249261DCE5800D8CB01 /* ActionSheet.swift */,
			);
			path = Utils;
			sourceTree = "<group>";
		};
		4182BE9726089B2800B1E3ED /* API */ = {
			isa = PBXGroup;
			children = (
				416B49B6260B53D9002F3D0F /* UserService.swift */,
				416B49D7260BD990002F3D0F /* TweetService.swift */,
				414C543F261F104D008245B1 /* NotificationService.swift */,
			);
			path = API;
			sourceTree = "<group>";
		};
		4182BE9826089B2A00B1E3ED /* Controllers */ = {
			isa = PBXGroup;
			children = (
				4182BED226092A0D00B1E3ED /* OnBoarding */,
				4182BEA226089D2300B1E3ED /* MainTabViewController.swift */,
				4182BEB526089E0100B1E3ED /* FeedViewController.swift */,
				4182BEBA26089E2000B1E3ED /* ExploreController.swift */,
				4182BEBF26089E2D00B1E3ED /* NotificationsController.swift */,
				4182BEC426089E3A00B1E3ED /* MessagesController.swift */,
				416B49CD260BCA47002F3D0F /* UploadTweetController.swift */,
				419240ED2611492D005B8E00 /* ProfileViewController.swift */,
				41534273261B676800454A64 /* TweetViewController.swift */,
			);
			path = Controllers;
			sourceTree = "<group>";
		};
		4182BE9926089B2C00B1E3ED /* ViewModel */ = {
			isa = PBXGroup;
			children = (
				41A18121260F3BE200FB4344 /* TweetViewModel.swift */,
				415E1EFB26125A0100171DE7 /* ProfileHeaderViewModel.swift */,
				4153427D261BC47400454A64 /* UploadTweetViewModel.swift */,
				4146B253261DE8DC00D8CB01 /* ActionSheetViewModel.swift */,
				414C54F8261FAAC6008245B1 /* NotificationViewModel.swift */,
			);
			path = ViewModel;
			sourceTree = "<group>";
		};
		4182BE9A26089B2E00B1E3ED /* View */ = {
			isa = PBXGroup;
			children = (
				416B49D2260BD4F1002F3D0F /* CaptionTextView.swift */,
				415C0EB8260E809300579997 /* TweetViewCell.swift */,
				416D363526114ED800D57886 /* ProfileHeader.swift */,
				415E1EF12612410600171DE7 /* ProfileFilterView.swift */,
				415E1EF62612428500171DE7 /* ProfileFilterCell.swift */,
				414B40512613EA560032B36B /* UserCell.swift */,
				41534278261B696800454A64 /* TweetHeader.swift */,
				4146B24E261DDAC300D8CB01 /* ActionSheetCell.swift */,
				414C5449261F1B2F008245B1 /* NotificationViewCell.swift */,
			);
			path = View;
			sourceTree = "<group>";
		};
		4182BE9B26089B3000B1E3ED /* Model */ = {
			isa = PBXGroup;
			children = (
				419869C1260A5B2E00B0D40E /* Models.swift */,
				416B49BB260B556C002F3D0F /* AuthExtension.swift */,
				41A3F274260E78AE00F01440 /* Tweet.swift */,
				41364E6A261F0DF500F03634 /* Notification.swift */,
			);
			path = Model;
			sourceTree = "<group>";
		};
		4182BEAF26089DDD00B1E3ED /* Extensions */ = {
			isa = PBXGroup;
			children = (
				4182BEB026089DE800B1E3ED /* ViewExtensions.swift */,
			);
			path = Extensions;
			sourceTree = "<group>";
		};
		4182BEC926089E5F00B1E3ED /* Protocols */ = {
			isa = PBXGroup;
			children = (
				4182BECA26089E7700B1E3ED /* UIProtocols.swift */,
				416B49C0260B5BE2002F3D0F /* UserDelegate.swift */,
			);
			path = Protocols;
			sourceTree = "<group>";
		};
		4182BED226092A0D00B1E3ED /* OnBoarding */ = {
			isa = PBXGroup;
			children = (
				4182BED326092A1F00B1E3ED /* LoginViewController.swift */,
				4182BED826092A2800B1E3ED /* RegistrationViewController.swift */,
			);
			path = OnBoarding;
			sourceTree = "<group>";
		};
		419869B1260A58D900B0D40E /* Firebase */ = {
			isa = PBXGroup;
			children = (
				419869B2260A58F000B0D40E /* StorageManager.swift */,
				419869B7260A590400B0D40E /* AuthManager.swift */,
				419869BC260A591700B0D40E /* DatabaseManager.swift */,
			);
			path = Firebase;
			sourceTree = "<group>";
		};
		41F5CE0C260A22C000F26C8A /* Resources */ = {
			isa = PBXGroup;
			children = (
				419869B1260A58D900B0D40E /* Firebase */,
				4182BE6326089B0500B1E3ED /* AppDelegate.swift */,
				4182BE6526089B0500B1E3ED /* SceneDelegate.swift */,
				4182BE6926089B0500B1E3ED /* Main.storyboard */,
				4182BE6E26089B0700B1E3ED /* LaunchScreen.storyboard */,
				419869A9260A249000B0D40E /* GoogleService-Info.plist */,
				419869C6260A78DC00B0D40E /* Assets.xcassets */,
			);
			path = Resources;
			sourceTree = "<group>";
		};
		9FC0AC97DA113EF3C81712EF /* Frameworks */ = {
			isa = PBXGroup;
			children = (
				13594537048F322D2AD8DFBF /* Pods_CloneTwitter.framework */,
				BB8BD1FC642F3CBB3C92346F /* Pods_CloneTwitter_CloneTwitterUITests.framework */,
				D17AE71C0AC0C6E93653F048 /* Pods_CloneTwitterTests.framework */,
			);
			name = Frameworks;
			sourceTree = "<group>";
		};
/* End PBXGroup section */

/* Begin PBXNativeTarget section */
		4182BE5F26089B0500B1E3ED /* CloneTwitter */ = {
			isa = PBXNativeTarget;
			buildConfigurationList = 4182BE8A26089B0700B1E3ED /* Build configuration list for PBXNativeTarget "CloneTwitter" */;
			buildPhases = (
				446E6B64116614C1A06D9059 /* [CP] Check Pods Manifest.lock */,
				4182BE5C26089B0500B1E3ED /* Sources */,
				4182BE5D26089B0500B1E3ED /* Frameworks */,
				4182BE5E26089B0500B1E3ED /* Resources */,
				D988A725E98792A1F288C8BB /* [CP] Embed Pods Frameworks */,
			);
			buildRules = (
			);
			dependencies = (
			);
			name = CloneTwitter;
			productName = CloneTwitter;
			productReference = 4182BE6026089B0500B1E3ED /* CloneTwitter.app */;
			productType = "com.apple.product-type.application";
		};
		4182BE7526089B0700B1E3ED /* CloneTwitterTests */ = {
			isa = PBXNativeTarget;
			buildConfigurationList = 4182BE8D26089B0700B1E3ED /* Build configuration list for PBXNativeTarget "CloneTwitterTests" */;
			buildPhases = (
				FB193D87D6C32F29A2633CEA /* [CP] Check Pods Manifest.lock */,
				4182BE7226089B0700B1E3ED /* Sources */,
				4182BE7326089B0700B1E3ED /* Frameworks */,
				4182BE7426089B0700B1E3ED /* Resources */,
			);
			buildRules = (
			);
			dependencies = (
				4182BE7826089B0700B1E3ED /* PBXTargetDependency */,
			);
			name = CloneTwitterTests;
			productName = CloneTwitterTests;
			productReference = 4182BE7626089B0700B1E3ED /* CloneTwitterTests.xctest */;
			productType = "com.apple.product-type.bundle.unit-test";
		};
		4182BE8026089B0700B1E3ED /* CloneTwitterUITests */ = {
			isa = PBXNativeTarget;
			buildConfigurationList = 4182BE9026089B0700B1E3ED /* Build configuration list for PBXNativeTarget "CloneTwitterUITests" */;
			buildPhases = (
				EFE620E01ECCED0CDAC6C93E /* [CP] Check Pods Manifest.lock */,
				4182BE7D26089B0700B1E3ED /* Sources */,
				4182BE7E26089B0700B1E3ED /* Frameworks */,
				4182BE7F26089B0700B1E3ED /* Resources */,
				4AB9231746220578EE99AE68 /* [CP] Embed Pods Frameworks */,
			);
			buildRules = (
			);
			dependencies = (
				4182BE8326089B0700B1E3ED /* PBXTargetDependency */,
			);
			name = CloneTwitterUITests;
			productName = CloneTwitterUITests;
			productReference = 4182BE8126089B0700B1E3ED /* CloneTwitterUITests.xctest */;
			productType = "com.apple.product-type.bundle.ui-testing";
		};
/* End PBXNativeTarget section */

/* Begin PBXProject section */
		4182BE5826089B0500B1E3ED /* Project object */ = {
			isa = PBXProject;
			attributes = {
				LastSwiftUpdateCheck = 1240;
				LastUpgradeCheck = 1240;
				TargetAttributes = {
					4182BE5F26089B0500B1E3ED = {
						CreatedOnToolsVersion = 12.4;
					};
					4182BE7526089B0700B1E3ED = {
						CreatedOnToolsVersion = 12.4;
						TestTargetID = 4182BE5F26089B0500B1E3ED;
					};
					4182BE8026089B0700B1E3ED = {
						CreatedOnToolsVersion = 12.4;
						TestTargetID = 4182BE5F26089B0500B1E3ED;
					};
				};
			};
			buildConfigurationList = 4182BE5B26089B0500B1E3ED /* Build configuration list for PBXProject "CloneTwitter" */;
			compatibilityVersion = "Xcode 9.3";
			developmentRegion = en;
			hasScannedForEncodings = 0;
			knownRegions = (
				en,
				Base,
			);
			mainGroup = 4182BE5726089B0500B1E3ED;
			productRefGroup = 4182BE6126089B0500B1E3ED /* Products */;
			projectDirPath = "";
			projectRoot = "";
			targets = (
				4182BE5F26089B0500B1E3ED /* CloneTwitter */,
				4182BE7526089B0700B1E3ED /* CloneTwitterTests */,
				4182BE8026089B0700B1E3ED /* CloneTwitterUITests */,
			);
		};
/* End PBXProject section */

/* Begin PBXResourcesBuildPhase section */
		4182BE5E26089B0500B1E3ED /* Resources */ = {
			isa = PBXResourcesBuildPhase;
			buildActionMask = 2147483647;
			files = (
				4182BE7026089B0700B1E3ED /* LaunchScreen.storyboard in Resources */,
				4182BE6B26089B0500B1E3ED /* Main.storyboard in Resources */,
				419869C7260A78DC00B0D40E /* Assets.xcassets in Resources */,
				419869AA260A249000B0D40E /* GoogleService-Info.plist in Resources */,
			);
			runOnlyForDeploymentPostprocessing = 0;
		};
		4182BE7426089B0700B1E3ED /* Resources */ = {
			isa = PBXResourcesBuildPhase;
			buildActionMask = 2147483647;
			files = (
			);
			runOnlyForDeploymentPostprocessing = 0;
		};
		4182BE7F26089B0700B1E3ED /* Resources */ = {
			isa = PBXResourcesBuildPhase;
			buildActionMask = 2147483647;
			files = (
			);
			runOnlyForDeploymentPostprocessing = 0;
		};
/* End PBXResourcesBuildPhase section */

/* Begin PBXShellScriptBuildPhase section */
		446E6B64116614C1A06D9059 /* [CP] Check Pods Manifest.lock */ = {
			isa = PBXShellScriptBuildPhase;
			buildActionMask = 2147483647;
			files = (
			);
			inputFileListPaths = (
			);
			inputPaths = (
				"${PODS_PODFILE_DIR_PATH}/Podfile.lock",
				"${PODS_ROOT}/Manifest.lock",
			);
			name = "[CP] Check Pods Manifest.lock";
			outputFileListPaths = (
			);
			outputPaths = (
				"$(DERIVED_FILE_DIR)/Pods-CloneTwitter-checkManifestLockResult.txt",
			);
			runOnlyForDeploymentPostprocessing = 0;
			shellPath = /bin/sh;
			shellScript = "diff \"${PODS_PODFILE_DIR_PATH}/Podfile.lock\" \"${PODS_ROOT}/Manifest.lock\" > /dev/null\nif [ $? != 0 ] ; then\n    # print error to STDERR\n    echo \"error: The sandbox is not in sync with the Podfile.lock. Run 'pod install' or update your CocoaPods installation.\" >&2\n    exit 1\nfi\n# This output is used by Xcode 'outputs' to avoid re-running this script phase.\necho \"SUCCESS\" > \"${SCRIPT_OUTPUT_FILE_0}\"\n";
			showEnvVarsInLog = 0;
		};
		4AB9231746220578EE99AE68 /* [CP] Embed Pods Frameworks */ = {
			isa = PBXShellScriptBuildPhase;
			buildActionMask = 2147483647;
			files = (
			);
			inputFileListPaths = (
				"${PODS_ROOT}/Target Support Files/Pods-CloneTwitter-CloneTwitterUITests/Pods-CloneTwitter-CloneTwitterUITests-frameworks-${CONFIGURATION}-input-files.xcfilelist",
			);
			name = "[CP] Embed Pods Frameworks";
			outputFileListPaths = (
				"${PODS_ROOT}/Target Support Files/Pods-CloneTwitter-CloneTwitterUITests/Pods-CloneTwitter-CloneTwitterUITests-frameworks-${CONFIGURATION}-output-files.xcfilelist",
			);
			runOnlyForDeploymentPostprocessing = 0;
			shellPath = /bin/sh;
			shellScript = "\"${PODS_ROOT}/Target Support Files/Pods-CloneTwitter-CloneTwitterUITests/Pods-CloneTwitter-CloneTwitterUITests-frameworks.sh\"\n";
			showEnvVarsInLog = 0;
		};
		D988A725E98792A1F288C8BB /* [CP] Embed Pods Frameworks */ = {
			isa = PBXShellScriptBuildPhase;
			buildActionMask = 2147483647;
			files = (
			);
			inputFileListPaths = (
				"${PODS_ROOT}/Target Support Files/Pods-CloneTwitter/Pods-CloneTwitter-frameworks-${CONFIGURATION}-input-files.xcfilelist",
			);
			name = "[CP] Embed Pods Frameworks";
			outputFileListPaths = (
				"${PODS_ROOT}/Target Support Files/Pods-CloneTwitter/Pods-CloneTwitter-frameworks-${CONFIGURATION}-output-files.xcfilelist",
			);
			runOnlyForDeploymentPostprocessing = 0;
			shellPath = /bin/sh;
			shellScript = "\"${PODS_ROOT}/Target Support Files/Pods-CloneTwitter/Pods-CloneTwitter-frameworks.sh\"\n";
			showEnvVarsInLog = 0;
		};
		EFE620E01ECCED0CDAC6C93E /* [CP] Check Pods Manifest.lock */ = {
			isa = PBXShellScriptBuildPhase;
			buildActionMask = 2147483647;
			files = (
			);
			inputFileListPaths = (
			);
			inputPaths = (
				"${PODS_PODFILE_DIR_PATH}/Podfile.lock",
				"${PODS_ROOT}/Manifest.lock",
			);
			name = "[CP] Check Pods Manifest.lock";
			outputFileListPaths = (
			);
			outputPaths = (
				"$(DERIVED_FILE_DIR)/Pods-CloneTwitter-CloneTwitterUITests-checkManifestLockResult.txt",
			);
			runOnlyForDeploymentPostprocessing = 0;
			shellPath = /bin/sh;
			shellScript = "diff \"${PODS_PODFILE_DIR_PATH}/Podfile.lock\" \"${PODS_ROOT}/Manifest.lock\" > /dev/null\nif [ $? != 0 ] ; then\n    # print error to STDERR\n    echo \"error: The sandbox is not in sync with the Podfile.lock. Run 'pod install' or update your CocoaPods installation.\" >&2\n    exit 1\nfi\n# This output is used by Xcode 'outputs' to avoid re-running this script phase.\necho \"SUCCESS\" > \"${SCRIPT_OUTPUT_FILE_0}\"\n";
			showEnvVarsInLog = 0;
		};
		FB193D87D6C32F29A2633CEA /* [CP] Check Pods Manifest.lock */ = {
			isa = PBXShellScriptBuildPhase;
			buildActionMask = 2147483647;
			files = (
			);
			inputFileListPaths = (
			);
			inputPaths = (
				"${PODS_PODFILE_DIR_PATH}/Podfile.lock",
				"${PODS_ROOT}/Manifest.lock",
			);
			name = "[CP] Check Pods Manifest.lock";
			outputFileListPaths = (
			);
			outputPaths = (
				"$(DERIVED_FILE_DIR)/Pods-CloneTwitterTests-checkManifestLockResult.txt",
			);
			runOnlyForDeploymentPostprocessing = 0;
			shellPath = /bin/sh;
			shellScript = "diff \"${PODS_PODFILE_DIR_PATH}/Podfile.lock\" \"${PODS_ROOT}/Manifest.lock\" > /dev/null\nif [ $? != 0 ] ; then\n    # print error to STDERR\n    echo \"error: The sandbox is not in sync with the Podfile.lock. Run 'pod install' or update your CocoaPods installation.\" >&2\n    exit 1\nfi\n# This output is used by Xcode 'outputs' to avoid re-running this script phase.\necho \"SUCCESS\" > \"${SCRIPT_OUTPUT_FILE_0}\"\n";
			showEnvVarsInLog = 0;
		};
/* End PBXShellScriptBuildPhase section */

/* Begin PBXSourcesBuildPhase section */
		4182BE5C26089B0500B1E3ED /* Sources */ = {
			isa = PBXSourcesBuildPhase;
			buildActionMask = 2147483647;
			files = (
				416D363626114ED800D57886 /* ProfileHeader.swift in Sources */,
				4182BE6426089B0500B1E3ED /* AppDelegate.swift in Sources */,
				419869B8260A590400B0D40E /* AuthManager.swift in Sources */,
				419869BD260A591700B0D40E /* DatabaseManager.swift in Sources */,
				4182BEDE26092BEF00B1E3ED /* Components.swift in Sources */,
				4182BECB26089E7700B1E3ED /* UIProtocols.swift in Sources */,
				41534279261B696800454A64 /* TweetHeader.swift in Sources */,
				416B49D8260BD990002F3D0F /* TweetService.swift in Sources */,
				415E1EFC26125A0100171DE7 /* ProfileHeaderViewModel.swift in Sources */,
				4146B24F261DDAC300D8CB01 /* ActionSheetCell.swift in Sources */,
				414B40522613EA560032B36B /* UserCell.swift in Sources */,
				4182BE6626089B0500B1E3ED /* SceneDelegate.swift in Sources */,
				416B49B7260B53D9002F3D0F /* UserService.swift in Sources */,
				4182BED926092A2800B1E3ED /* RegistrationViewController.swift in Sources */,
				416B49CE260BCA47002F3D0F /* UploadTweetController.swift in Sources */,
				4182BEA326089D2300B1E3ED /* MainTabViewController.swift in Sources */,
				4146B254261DE8DC00D8CB01 /* ActionSheetViewModel.swift in Sources */,
				414C54F9261FAAC6008245B1 /* NotificationViewModel.swift in Sources */,
				41534274261B676800454A64 /* TweetViewController.swift in Sources */,
				4153427E261BC47400454A64 /* UploadTweetViewModel.swift in Sources */,
				4182BEB126089DE800B1E3ED /* ViewExtensions.swift in Sources */,
				41364E6B261F0DF500F03634 /* Notification.swift in Sources */,
				4182BEC026089E2E00B1E3ED /* NotificationsController.swift in Sources */,
				4146B24A261DCE5800D8CB01 /* ActionSheet.swift in Sources */,
				414C544A261F1B2F008245B1 /* NotificationViewCell.swift in Sources */,
				4182BEB626089E0100B1E3ED /* FeedViewController.swift in Sources */,
				419240EE2611492D005B8E00 /* ProfileViewController.swift in Sources */,
				41A18122260F3BE200FB4344 /* TweetViewModel.swift in Sources */,
				419869C2260A5B2E00B0D40E /* Models.swift in Sources */,
				415E1EF22612410600171DE7 /* ProfileFilterView.swift in Sources */,
				414C5440261F104D008245B1 /* NotificationService.swift in Sources */,
				41A3F275260E78AE00F01440 /* Tweet.swift in Sources */,
				415C0EB9260E809300579997 /* TweetViewCell.swift in Sources */,
				4182BEBB26089E2000B1E3ED /* ExploreController.swift in Sources */,
				4182BED426092A1F00B1E3ED /* LoginViewController.swift in Sources */,
				415E1EF72612428500171DE7 /* ProfileFilterCell.swift in Sources */,
				416B49C9260BC54C002F3D0F /* Constants.swift in Sources */,
				416B49BC260B556C002F3D0F /* AuthExtension.swift in Sources */,
				4182BEC526089E3A00B1E3ED /* MessagesController.swift in Sources */,
				416B49C1260B5BE2002F3D0F /* UserDelegate.swift in Sources */,
				416B49D3260BD4F1002F3D0F /* CaptionTextView.swift in Sources */,
				419869B3260A58F000B0D40E /* StorageManager.swift in Sources */,
			);
			runOnlyForDeploymentPostprocessing = 0;
		};
		4182BE7226089B0700B1E3ED /* Sources */ = {
			isa = PBXSourcesBuildPhase;
			buildActionMask = 2147483647;
			files = (
				4182BE7B26089B0700B1E3ED /* CloneTwitterTests.swift in Sources */,
			);
			runOnlyForDeploymentPostprocessing = 0;
		};
		4182BE7D26089B0700B1E3ED /* Sources */ = {
			isa = PBXSourcesBuildPhase;
			buildActionMask = 2147483647;
			files = (
				4182BE8626089B0700B1E3ED /* CloneTwitterUITests.swift in Sources */,
			);
			runOnlyForDeploymentPostprocessing = 0;
		};
/* End PBXSourcesBuildPhase section */

/* Begin PBXTargetDependency section */
		4182BE7826089B0700B1E3ED /* PBXTargetDependency */ = {
			isa = PBXTargetDependency;
			target = 4182BE5F26089B0500B1E3ED /* CloneTwitter */;
			targetProxy = 4182BE7726089B0700B1E3ED /* PBXContainerItemProxy */;
		};
		4182BE8326089B0700B1E3ED /* PBXTargetDependency */ = {
			isa = PBXTargetDependency;
			target = 4182BE5F26089B0500B1E3ED /* CloneTwitter */;
			targetProxy = 4182BE8226089B0700B1E3ED /* PBXContainerItemProxy */;
		};
/* End PBXTargetDependency section */

/* Begin PBXVariantGroup section */
		4182BE6926089B0500B1E3ED /* Main.storyboard */ = {
			isa = PBXVariantGroup;
			children = (
				4182BE6A26089B0500B1E3ED /* Base */,
			);
			name = Main.storyboard;
			sourceTree = "<group>";
		};
		4182BE6E26089B0700B1E3ED /* LaunchScreen.storyboard */ = {
			isa = PBXVariantGroup;
			children = (
				4182BE6F26089B0700B1E3ED /* Base */,
			);
			name = LaunchScreen.storyboard;
			sourceTree = "<group>";
		};
/* End PBXVariantGroup section */

/* Begin XCBuildConfiguration section */
		4182BE8826089B0700B1E3ED /* Debug */ = {
			isa = XCBuildConfiguration;
			buildSettings = {
				ALWAYS_SEARCH_USER_PATHS = NO;
				CLANG_ANALYZER_NONNULL = YES;
				CLANG_ANALYZER_NUMBER_OBJECT_CONVERSION = YES_AGGRESSIVE;
				CLANG_CXX_LANGUAGE_STANDARD = "gnu++14";
				CLANG_CXX_LIBRARY = "libc++";
				CLANG_ENABLE_MODULES = YES;
				CLANG_ENABLE_OBJC_ARC = YES;
				CLANG_ENABLE_OBJC_WEAK = YES;
				CLANG_WARN_BLOCK_CAPTURE_AUTORELEASING = YES;
				CLANG_WARN_BOOL_CONVERSION = YES;
				CLANG_WARN_COMMA = YES;
				CLANG_WARN_CONSTANT_CONVERSION = YES;
				CLANG_WARN_DEPRECATED_OBJC_IMPLEMENTATIONS = YES;
				CLANG_WARN_DIRECT_OBJC_ISA_USAGE = YES_ERROR;
				CLANG_WARN_DOCUMENTATION_COMMENTS = YES;
				CLANG_WARN_EMPTY_BODY = YES;
				CLANG_WARN_ENUM_CONVERSION = YES;
				CLANG_WARN_INFINITE_RECURSION = YES;
				CLANG_WARN_INT_CONVERSION = YES;
				CLANG_WARN_NON_LITERAL_NULL_CONVERSION = YES;
				CLANG_WARN_OBJC_IMPLICIT_RETAIN_SELF = YES;
				CLANG_WARN_OBJC_LITERAL_CONVERSION = YES;
				CLANG_WARN_OBJC_ROOT_CLASS = YES_ERROR;
				CLANG_WARN_QUOTED_INCLUDE_IN_FRAMEWORK_HEADER = YES;
				CLANG_WARN_RANGE_LOOP_ANALYSIS = YES;
				CLANG_WARN_STRICT_PROTOTYPES = YES;
				CLANG_WARN_SUSPICIOUS_MOVE = YES;
				CLANG_WARN_UNGUARDED_AVAILABILITY = YES_AGGRESSIVE;
				CLANG_WARN_UNREACHABLE_CODE = YES;
				CLANG_WARN__DUPLICATE_METHOD_MATCH = YES;
				COPY_PHASE_STRIP = NO;
				DEBUG_INFORMATION_FORMAT = dwarf;
				ENABLE_STRICT_OBJC_MSGSEND = YES;
				ENABLE_TESTABILITY = YES;
				GCC_C_LANGUAGE_STANDARD = gnu11;
				GCC_DYNAMIC_NO_PIC = NO;
				GCC_NO_COMMON_BLOCKS = YES;
				GCC_OPTIMIZATION_LEVEL = 0;
				GCC_PREPROCESSOR_DEFINITIONS = (
					"DEBUG=1",
					"$(inherited)",
				);
				GCC_WARN_64_TO_32_BIT_CONVERSION = YES;
				GCC_WARN_ABOUT_RETURN_TYPE = YES_ERROR;
				GCC_WARN_UNDECLARED_SELECTOR = YES;
				GCC_WARN_UNINITIALIZED_AUTOS = YES_AGGRESSIVE;
				GCC_WARN_UNUSED_FUNCTION = YES;
				GCC_WARN_UNUSED_VARIABLE = YES;
				IPHONEOS_DEPLOYMENT_TARGET = 14.4;
				MTL_ENABLE_DEBUG_INFO = INCLUDE_SOURCE;
				MTL_FAST_MATH = YES;
				ONLY_ACTIVE_ARCH = YES;
				SDKROOT = iphoneos;
				SWIFT_ACTIVE_COMPILATION_CONDITIONS = DEBUG;
				SWIFT_OPTIMIZATION_LEVEL = "-Onone";
			};
			name = Debug;
		};
		4182BE8926089B0700B1E3ED /* Release */ = {
			isa = XCBuildConfiguration;
			buildSettings = {
				ALWAYS_SEARCH_USER_PATHS = NO;
				CLANG_ANALYZER_NONNULL = YES;
				CLANG_ANALYZER_NUMBER_OBJECT_CONVERSION = YES_AGGRESSIVE;
				CLANG_CXX_LANGUAGE_STANDARD = "gnu++14";
				CLANG_CXX_LIBRARY = "libc++";
				CLANG_ENABLE_MODULES = YES;
				CLANG_ENABLE_OBJC_ARC = YES;
				CLANG_ENABLE_OBJC_WEAK = YES;
				CLANG_WARN_BLOCK_CAPTURE_AUTORELEASING = YES;
				CLANG_WARN_BOOL_CONVERSION = YES;
				CLANG_WARN_COMMA = YES;
				CLANG_WARN_CONSTANT_CONVERSION = YES;
				CLANG_WARN_DEPRECATED_OBJC_IMPLEMENTATIONS = YES;
				CLANG_WARN_DIRECT_OBJC_ISA_USAGE = YES_ERROR;
				CLANG_WARN_DOCUMENTATION_COMMENTS = YES;
				CLANG_WARN_EMPTY_BODY = YES;
				CLANG_WARN_ENUM_CONVERSION = YES;
				CLANG_WARN_INFINITE_RECURSION = YES;
				CLANG_WARN_INT_CONVERSION = YES;
				CLANG_WARN_NON_LITERAL_NULL_CONVERSION = YES;
				CLANG_WARN_OBJC_IMPLICIT_RETAIN_SELF = YES;
				CLANG_WARN_OBJC_LITERAL_CONVERSION = YES;
				CLANG_WARN_OBJC_ROOT_CLASS = YES_ERROR;
				CLANG_WARN_QUOTED_INCLUDE_IN_FRAMEWORK_HEADER = YES;
				CLANG_WARN_RANGE_LOOP_ANALYSIS = YES;
				CLANG_WARN_STRICT_PROTOTYPES = YES;
				CLANG_WARN_SUSPICIOUS_MOVE = YES;
				CLANG_WARN_UNGUARDED_AVAILABILITY = YES_AGGRESSIVE;
				CLANG_WARN_UNREACHABLE_CODE = YES;
				CLANG_WARN__DUPLICATE_METHOD_MATCH = YES;
				COPY_PHASE_STRIP = NO;
				DEBUG_INFORMATION_FORMAT = "dwarf-with-dsym";
				ENABLE_NS_ASSERTIONS = NO;
				ENABLE_STRICT_OBJC_MSGSEND = YES;
				GCC_C_LANGUAGE_STANDARD = gnu11;
				GCC_NO_COMMON_BLOCKS = YES;
				GCC_WARN_64_TO_32_BIT_CONVERSION = YES;
				GCC_WARN_ABOUT_RETURN_TYPE = YES_ERROR;
				GCC_WARN_UNDECLARED_SELECTOR = YES;
				GCC_WARN_UNINITIALIZED_AUTOS = YES_AGGRESSIVE;
				GCC_WARN_UNUSED_FUNCTION = YES;
				GCC_WARN_UNUSED_VARIABLE = YES;
				IPHONEOS_DEPLOYMENT_TARGET = 14.4;
				MTL_ENABLE_DEBUG_INFO = NO;
				MTL_FAST_MATH = YES;
				SDKROOT = iphoneos;
				SWIFT_COMPILATION_MODE = wholemodule;
				SWIFT_OPTIMIZATION_LEVEL = "-O";
				VALIDATE_PRODUCT = YES;
			};
			name = Release;
		};
		4182BE8B26089B0700B1E3ED /* Debug */ = {
			isa = XCBuildConfiguration;
			baseConfigurationReference = 4EF968A91B1DC0FB86495C89 /* Pods-CloneTwitter.debug.xcconfig */;
			buildSettings = {
				ASSETCATALOG_COMPILER_APPICON_NAME = AppIcon;
				ASSETCATALOG_COMPILER_GLOBAL_ACCENT_COLOR_NAME = AccentColor;
				CODE_SIGN_STYLE = Automatic;
				DEVELOPMENT_TEAM = CPDNCAZJQ6;
				INFOPLIST_FILE = CloneTwitter/Info.plist;
				IPHONEOS_DEPLOYMENT_TARGET = 13.0;
				LD_RUNPATH_SEARCH_PATHS = (
					"$(inherited)",
					"@executable_path/Frameworks",
				);
				PRODUCT_BUNDLE_IDENTIFIER = com.renatomateusx.CloneTwitter;
				PRODUCT_NAME = "$(TARGET_NAME)";
				SWIFT_VERSION = 5.0;
				TARGETED_DEVICE_FAMILY = "1,2";
			};
			name = Debug;
		};
		4182BE8C26089B0700B1E3ED /* Release */ = {
			isa = XCBuildConfiguration;
			baseConfigurationReference = 2E06ED70CCDDC8789F601509 /* Pods-CloneTwitter.release.xcconfig */;
			buildSettings = {
				ASSETCATALOG_COMPILER_APPICON_NAME = AppIcon;
				ASSETCATALOG_COMPILER_GLOBAL_ACCENT_COLOR_NAME = AccentColor;
				CODE_SIGN_STYLE = Automatic;
				DEVELOPMENT_TEAM = CPDNCAZJQ6;
				INFOPLIST_FILE = CloneTwitter/Info.plist;
				IPHONEOS_DEPLOYMENT_TARGET = 13.0;
				LD_RUNPATH_SEARCH_PATHS = (
					"$(inherited)",
					"@executable_path/Frameworks",
				);
				PRODUCT_BUNDLE_IDENTIFIER = com.renatomateusx.CloneTwitter;
				PRODUCT_NAME = "$(TARGET_NAME)";
				SWIFT_VERSION = 5.0;
				TARGETED_DEVICE_FAMILY = "1,2";
			};
			name = Release;
		};
		4182BE8E26089B0700B1E3ED /* Debug */ = {
			isa = XCBuildConfiguration;
			baseConfigurationReference = 3AAFAF5824C95BCF34830BDE /* Pods-CloneTwitterTests.debug.xcconfig */;
			buildSettings = {
				ALWAYS_EMBED_SWIFT_STANDARD_LIBRARIES = YES;
				BUNDLE_LOADER = "$(TEST_HOST)";
				CODE_SIGN_STYLE = Automatic;
				DEVELOPMENT_TEAM = CPDNCAZJQ6;
				INFOPLIST_FILE = CloneTwitterTests/Info.plist;
				IPHONEOS_DEPLOYMENT_TARGET = 14.4;
				LD_RUNPATH_SEARCH_PATHS = (
					"$(inherited)",
					"@executable_path/Frameworks",
					"@loader_path/Frameworks",
				);
				PRODUCT_BUNDLE_IDENTIFIER = com.renatomateusx.CloneTwitterTests;
				PRODUCT_NAME = "$(TARGET_NAME)";
				SWIFT_VERSION = 5.0;
				TARGETED_DEVICE_FAMILY = "1,2";
				TEST_HOST = "$(BUILT_PRODUCTS_DIR)/CloneTwitter.app/CloneTwitter";
			};
			name = Debug;
		};
		4182BE8F26089B0700B1E3ED /* Release */ = {
			isa = XCBuildConfiguration;
			baseConfigurationReference = AD8331B12B0BC05FAAAA7CED /* Pods-CloneTwitterTests.release.xcconfig */;
			buildSettings = {
				ALWAYS_EMBED_SWIFT_STANDARD_LIBRARIES = YES;
				BUNDLE_LOADER = "$(TEST_HOST)";
				CODE_SIGN_STYLE = Automatic;
				DEVELOPMENT_TEAM = CPDNCAZJQ6;
				INFOPLIST_FILE = CloneTwitterTests/Info.plist;
				IPHONEOS_DEPLOYMENT_TARGET = 14.4;
				LD_RUNPATH_SEARCH_PATHS = (
					"$(inherited)",
					"@executable_path/Frameworks",
					"@loader_path/Frameworks",
				);
				PRODUCT_BUNDLE_IDENTIFIER = com.renatomateusx.CloneTwitterTests;
				PRODUCT_NAME = "$(TARGET_NAME)";
				SWIFT_VERSION = 5.0;
				TARGETED_DEVICE_FAMILY = "1,2";
				TEST_HOST = "$(BUILT_PRODUCTS_DIR)/CloneTwitter.app/CloneTwitter";
			};
			name = Release;
		};
		4182BE9126089B0700B1E3ED /* Debug */ = {
			isa = XCBuildConfiguration;
			baseConfigurationReference = 85F976E55158A1F8EC869D56 /* Pods-CloneTwitter-CloneTwitterUITests.debug.xcconfig */;
			buildSettings = {
				ALWAYS_EMBED_SWIFT_STANDARD_LIBRARIES = YES;
				CODE_SIGN_STYLE = Automatic;
				DEVELOPMENT_TEAM = CPDNCAZJQ6;
				INFOPLIST_FILE = CloneTwitterUITests/Info.plist;
				LD_RUNPATH_SEARCH_PATHS = (
					"$(inherited)",
					"@executable_path/Frameworks",
					"@loader_path/Frameworks",
				);
				PRODUCT_BUNDLE_IDENTIFIER = com.renatomateusx.CloneTwitterUITests;
				PRODUCT_NAME = "$(TARGET_NAME)";
				SWIFT_VERSION = 5.0;
				TARGETED_DEVICE_FAMILY = "1,2";
				TEST_TARGET_NAME = CloneTwitter;
			};
			name = Debug;
		};
		4182BE9226089B0700B1E3ED /* Release */ = {
			isa = XCBuildConfiguration;
			baseConfigurationReference = FC10C142E4978C474417B639 /* Pods-CloneTwitter-CloneTwitterUITests.release.xcconfig */;
			buildSettings = {
				ALWAYS_EMBED_SWIFT_STANDARD_LIBRARIES = YES;
				CODE_SIGN_STYLE = Automatic;
				DEVELOPMENT_TEAM = CPDNCAZJQ6;
				INFOPLIST_FILE = CloneTwitterUITests/Info.plist;
				LD_RUNPATH_SEARCH_PATHS = (
					"$(inherited)",
					"@executable_path/Frameworks",
					"@loader_path/Frameworks",
				);
				PRODUCT_BUNDLE_IDENTIFIER = com.renatomateusx.CloneTwitterUITests;
				PRODUCT_NAME = "$(TARGET_NAME)";
				SWIFT_VERSION = 5.0;
				TARGETED_DEVICE_FAMILY = "1,2";
				TEST_TARGET_NAME = CloneTwitter;
			};
			name = Release;
		};
/* End XCBuildConfiguration section */

/* Begin XCConfigurationList section */
		4182BE5B26089B0500B1E3ED /* Build configuration list for PBXProject "CloneTwitter" */ = {
			isa = XCConfigurationList;
			buildConfigurations = (
				4182BE8826089B0700B1E3ED /* Debug */,
				4182BE8926089B0700B1E3ED /* Release */,
			);
			defaultConfigurationIsVisible = 0;
			defaultConfigurationName = Release;
		};
		4182BE8A26089B0700B1E3ED /* Build configuration list for PBXNativeTarget "CloneTwitter" */ = {
			isa = XCConfigurationList;
			buildConfigurations = (
				4182BE8B26089B0700B1E3ED /* Debug */,
				4182BE8C26089B0700B1E3ED /* Release */,
			);
			defaultConfigurationIsVisible = 0;
			defaultConfigurationName = Release;
		};
		4182BE8D26089B0700B1E3ED /* Build configuration list for PBXNativeTarget "CloneTwitterTests" */ = {
			isa = XCConfigurationList;
			buildConfigurations = (
				4182BE8E26089B0700B1E3ED /* Debug */,
				4182BE8F26089B0700B1E3ED /* Release */,
			);
			defaultConfigurationIsVisible = 0;
			defaultConfigurationName = Release;
		};
		4182BE9026089B0700B1E3ED /* Build configuration list for PBXNativeTarget "CloneTwitterUITests" */ = {
			isa = XCConfigurationList;
			buildConfigurations = (
				4182BE9126089B0700B1E3ED /* Debug */,
				4182BE9226089B0700B1E3ED /* Release */,
			);
			defaultConfigurationIsVisible = 0;
			defaultConfigurationName = Release;
		};
/* End XCConfigurationList section */
	};
	rootObject = 4182BE5826089B0500B1E3ED /* Project object */;
}
